// !$*UTF8*$!
{
	archiveVersion = 1;
	classes = {
	};
	objectVersion = 46;
	objects = {

/* Begin PBXBuildFile section */
		FA5D43061FF280B0001F99C3 /* ClockStyleSegment.xib in Resources */ = {isa = PBXBuildFile; fileRef = FA5D43051FF280B0001F99C3 /* ClockStyleSegment.xib */; };
		FA8344D81FF24CA300DE3F38 /* CustomSegmentedControl.swift in Sources */ = {isa = PBXBuildFile; fileRef = FA8344D71FF24CA300DE3F38 /* CustomSegmentedControl.swift */; };
		FA8344DA1FF254AB00DE3F38 /* ClockStyleSegment.swift in Sources */ = {isa = PBXBuildFile; fileRef = FA8344D91FF254AB00DE3F38 /* ClockStyleSegment.swift */; };
		FAC0A3DF1D6CE01000DBC4EC /* AppDelegate.swift in Sources */ = {isa = PBXBuildFile; fileRef = FAC0A3DE1D6CE01000DBC4EC /* AppDelegate.swift */; };
		FAC0A3E11D6CE01000DBC4EC /* ViewController.swift in Sources */ = {isa = PBXBuildFile; fileRef = FAC0A3E01D6CE01000DBC4EC /* ViewController.swift */; };
		FAC0A3E41D6CE01000DBC4EC /* Main.storyboard in Resources */ = {isa = PBXBuildFile; fileRef = FAC0A3E21D6CE01000DBC4EC /* Main.storyboard */; };
		FAC0A3E61D6CE01000DBC4EC /* Assets.xcassets in Resources */ = {isa = PBXBuildFile; fileRef = FAC0A3E51D6CE01000DBC4EC /* Assets.xcassets */; };
		FAC0A3E91D6CE01000DBC4EC /* LaunchScreen.storyboard in Resources */ = {isa = PBXBuildFile; fileRef = FAC0A3E71D6CE01000DBC4EC /* LaunchScreen.storyboard */; };
		FAC0A3F71D6CE04B00DBC4EC /* NotificationCenter.framework in Frameworks */ = {isa = PBXBuildFile; fileRef = FAC0A3F61D6CE04B00DBC4EC /* NotificationCenter.framework */; };
		FAC0A3FA1D6CE04B00DBC4EC /* TodayViewController.swift in Sources */ = {isa = PBXBuildFile; fileRef = FAC0A3F91D6CE04B00DBC4EC /* TodayViewController.swift */; };
		FAC0A3FD1D6CE04B00DBC4EC /* MainInterface.storyboard in Resources */ = {isa = PBXBuildFile; fileRef = FAC0A3FB1D6CE04B00DBC4EC /* MainInterface.storyboard */; };
		FAC0A4011D6CE04B00DBC4EC /* Clock.appex in Embed App Extensions */ = {isa = PBXBuildFile; fileRef = FAC0A3F41D6CE04B00DBC4EC /* Clock.appex */; settings = {ATTRIBUTES = (RemoveHeadersOnCopy, ); }; };
		FAC0A4071D6CE0AC00DBC4EC /* Tile.swift in Sources */ = {isa = PBXBuildFile; fileRef = FAC0A4061D6CE0AC00DBC4EC /* Tile.swift */; };
		FAEE7FDE1FF2A7D700B61904 /* ClockPreferences.swift in Sources */ = {isa = PBXBuildFile; fileRef = FAEE7FDD1FF2A7D700B61904 /* ClockPreferences.swift */; };
		FAEE7FDF1FF2A7DC00B61904 /* ClockPreferences.swift in Sources */ = {isa = PBXBuildFile; fileRef = FAEE7FDD1FF2A7D700B61904 /* ClockPreferences.swift */; };
		FAF361141D6DC9840078F21C /* Extensions.swift in Sources */ = {isa = PBXBuildFile; fileRef = FAF361131D6DC9840078F21C /* Extensions.swift */; };
/* End PBXBuildFile section */

/* Begin PBXContainerItemProxy section */
		FAC0A3FF1D6CE04B00DBC4EC /* PBXContainerItemProxy */ = {
			isa = PBXContainerItemProxy;
			containerPortal = FAC0A3D31D6CE01000DBC4EC /* Project object */;
			proxyType = 1;
			remoteGlobalIDString = FAC0A3F31D6CE04B00DBC4EC;
			remoteInfo = Clock;
		};
/* End PBXContainerItemProxy section */

/* Begin PBXCopyFilesBuildPhase section */
		FAC0A4051D6CE04B00DBC4EC /* Embed App Extensions */ = {
			isa = PBXCopyFilesBuildPhase;
			buildActionMask = 2147483647;
			dstPath = "";
			dstSubfolderSpec = 13;
			files = (
				FAC0A4011D6CE04B00DBC4EC /* Clock.appex in Embed App Extensions */,
			);
			name = "Embed App Extensions";
			runOnlyForDeploymentPostprocessing = 0;
		};
/* End PBXCopyFilesBuildPhase section */

/* Begin PBXFileReference section */
		FA5D43051FF280B0001F99C3 /* ClockStyleSegment.xib */ = {isa = PBXFileReference; lastKnownFileType = file.xib; path = ClockStyleSegment.xib; sourceTree = "<group>"; };
		FA8344D71FF24CA300DE3F38 /* CustomSegmentedControl.swift */ = {isa = PBXFileReference; lastKnownFileType = sourcecode.swift; path = CustomSegmentedControl.swift; sourceTree = "<group>"; };
		FA8344D91FF254AB00DE3F38 /* ClockStyleSegment.swift */ = {isa = PBXFileReference; lastKnownFileType = sourcecode.swift; path = ClockStyleSegment.swift; sourceTree = "<group>"; };
		FAC0A3DB1D6CE01000DBC4EC /* F-Clock.app */ = {isa = PBXFileReference; explicitFileType = wrapper.application; includeInIndex = 0; path = "F-Clock.app"; sourceTree = BUILT_PRODUCTS_DIR; };
		FAC0A3DE1D6CE01000DBC4EC /* AppDelegate.swift */ = {isa = PBXFileReference; lastKnownFileType = sourcecode.swift; path = AppDelegate.swift; sourceTree = "<group>"; };
		FAC0A3E01D6CE01000DBC4EC /* ViewController.swift */ = {isa = PBXFileReference; lastKnownFileType = sourcecode.swift; path = ViewController.swift; sourceTree = "<group>"; };
		FAC0A3E31D6CE01000DBC4EC /* Base */ = {isa = PBXFileReference; lastKnownFileType = file.storyboard; name = Base; path = Base.lproj/Main.storyboard; sourceTree = "<group>"; };
		FAC0A3E51D6CE01000DBC4EC /* Assets.xcassets */ = {isa = PBXFileReference; lastKnownFileType = folder.assetcatalog; path = Assets.xcassets; sourceTree = "<group>"; };
		FAC0A3E81D6CE01000DBC4EC /* Base */ = {isa = PBXFileReference; lastKnownFileType = file.storyboard; name = Base; path = Base.lproj/LaunchScreen.storyboard; sourceTree = "<group>"; };
		FAC0A3EA1D6CE01000DBC4EC /* Info.plist */ = {isa = PBXFileReference; lastKnownFileType = text.plist.xml; path = Info.plist; sourceTree = "<group>"; };
		FAC0A3F41D6CE04B00DBC4EC /* Clock.appex */ = {isa = PBXFileReference; explicitFileType = "wrapper.app-extension"; includeInIndex = 0; path = Clock.appex; sourceTree = BUILT_PRODUCTS_DIR; };
		FAC0A3F61D6CE04B00DBC4EC /* NotificationCenter.framework */ = {isa = PBXFileReference; lastKnownFileType = wrapper.framework; name = NotificationCenter.framework; path = System/Library/Frameworks/NotificationCenter.framework; sourceTree = SDKROOT; };
		FAC0A3F91D6CE04B00DBC4EC /* TodayViewController.swift */ = {isa = PBXFileReference; lastKnownFileType = sourcecode.swift; path = TodayViewController.swift; sourceTree = "<group>"; };
		FAC0A3FC1D6CE04B00DBC4EC /* Base */ = {isa = PBXFileReference; lastKnownFileType = file.storyboard; name = Base; path = Base.lproj/MainInterface.storyboard; sourceTree = "<group>"; };
		FAC0A3FE1D6CE04B00DBC4EC /* Info.plist */ = {isa = PBXFileReference; lastKnownFileType = text.plist.xml; path = Info.plist; sourceTree = "<group>"; };
		FAC0A4061D6CE0AC00DBC4EC /* Tile.swift */ = {isa = PBXFileReference; fileEncoding = 4; lastKnownFileType = sourcecode.swift; path = Tile.swift; sourceTree = "<group>"; };
		FAEE7FDB1FF2A03100B61904 /* F-Clock.entitlements */ = {isa = PBXFileReference; lastKnownFileType = text.plist.entitlements; path = "F-Clock.entitlements"; sourceTree = "<group>"; };
		FAEE7FDC1FF2A0EF00B61904 /* Clock.entitlements */ = {isa = PBXFileReference; lastKnownFileType = text.plist.entitlements; path = Clock.entitlements; sourceTree = "<group>"; };
		FAEE7FDD1FF2A7D700B61904 /* ClockPreferences.swift */ = {isa = PBXFileReference; lastKnownFileType = sourcecode.swift; path = ClockPreferences.swift; sourceTree = "<group>"; };
		FAF361131D6DC9840078F21C /* Extensions.swift */ = {isa = PBXFileReference; fileEncoding = 4; lastKnownFileType = sourcecode.swift; path = Extensions.swift; sourceTree = "<group>"; };
/* End PBXFileReference section */

/* Begin PBXFrameworksBuildPhase section */
		FAC0A3D81D6CE01000DBC4EC /* Frameworks */ = {
			isa = PBXFrameworksBuildPhase;
			buildActionMask = 2147483647;
			files = (
			);
			runOnlyForDeploymentPostprocessing = 0;
		};
		FAC0A3F11D6CE04B00DBC4EC /* Frameworks */ = {
			isa = PBXFrameworksBuildPhase;
			buildActionMask = 2147483647;
			files = (
				FAC0A3F71D6CE04B00DBC4EC /* NotificationCenter.framework in Frameworks */,
			);
			runOnlyForDeploymentPostprocessing = 0;
		};
/* End PBXFrameworksBuildPhase section */

/* Begin PBXGroup section */
		FAC0A3D21D6CE01000DBC4EC = {
			isa = PBXGroup;
			children = (
				FAEE7FDB1FF2A03100B61904 /* F-Clock.entitlements */,
				FAC0A3DD1D6CE01000DBC4EC /* Fibonacci Clock */,
				FAC0A3F81D6CE04B00DBC4EC /* Clock */,
				FAC0A3F51D6CE04B00DBC4EC /* Frameworks */,
				FAC0A3DC1D6CE01000DBC4EC /* Products */,
			);
			sourceTree = "<group>";
		};
		FAC0A3DC1D6CE01000DBC4EC /* Products */ = {
			isa = PBXGroup;
			children = (
				FAC0A3DB1D6CE01000DBC4EC /* F-Clock.app */,
				FAC0A3F41D6CE04B00DBC4EC /* Clock.appex */,
			);
			name = Products;
			sourceTree = "<group>";
		};
		FAC0A3DD1D6CE01000DBC4EC /* Fibonacci Clock */ = {
			isa = PBXGroup;
			children = (
				FAC0A3DE1D6CE01000DBC4EC /* AppDelegate.swift */,
				FAC0A3E01D6CE01000DBC4EC /* ViewController.swift */,
				FA8344D91FF254AB00DE3F38 /* ClockStyleSegment.swift */,
				FA8344D71FF24CA300DE3F38 /* CustomSegmentedControl.swift */,
				FAEE7FDD1FF2A7D700B61904 /* ClockPreferences.swift */,
				FAC0A3E21D6CE01000DBC4EC /* Main.storyboard */,
				FA5D43051FF280B0001F99C3 /* ClockStyleSegment.xib */,
				FAC0A3E51D6CE01000DBC4EC /* Assets.xcassets */,
				FAC0A3E71D6CE01000DBC4EC /* LaunchScreen.storyboard */,
				FAC0A3EA1D6CE01000DBC4EC /* Info.plist */,
			);
			path = "Fibonacci Clock";
			sourceTree = "<group>";
		};
		FAC0A3F51D6CE04B00DBC4EC /* Frameworks */ = {
			isa = PBXGroup;
			children = (
				FAC0A3F61D6CE04B00DBC4EC /* NotificationCenter.framework */,
			);
			name = Frameworks;
			sourceTree = "<group>";
		};
		FAC0A3F81D6CE04B00DBC4EC /* Clock */ = {
			isa = PBXGroup;
			children = (
				FAEE7FDC1FF2A0EF00B61904 /* Clock.entitlements */,
				FAC0A3F91D6CE04B00DBC4EC /* TodayViewController.swift */,
				FAC0A4061D6CE0AC00DBC4EC /* Tile.swift */,
				FAC0A3FB1D6CE04B00DBC4EC /* MainInterface.storyboard */,
				FAC0A3FE1D6CE04B00DBC4EC /* Info.plist */,
				FAF361131D6DC9840078F21C /* Extensions.swift */,
			);
			path = Clock;
			sourceTree = "<group>";
		};
/* End PBXGroup section */

/* Begin PBXNativeTarget section */
		FAC0A3DA1D6CE01000DBC4EC /* F-Clock */ = {
			isa = PBXNativeTarget;
			buildConfigurationList = FAC0A3ED1D6CE01000DBC4EC /* Build configuration list for PBXNativeTarget "F-Clock" */;
			buildPhases = (
				FAC0A3D71D6CE01000DBC4EC /* Sources */,
				FAC0A3D81D6CE01000DBC4EC /* Frameworks */,
				FAC0A3D91D6CE01000DBC4EC /* Resources */,
				FAC0A4051D6CE04B00DBC4EC /* Embed App Extensions */,
			);
			buildRules = (
			);
			dependencies = (
				FAC0A4001D6CE04B00DBC4EC /* PBXTargetDependency */,
			);
			name = "F-Clock";
			productName = "Fibonacci Clock";
			productReference = FAC0A3DB1D6CE01000DBC4EC /* F-Clock.app */;
			productType = "com.apple.product-type.application";
		};
		FAC0A3F31D6CE04B00DBC4EC /* Clock */ = {
			isa = PBXNativeTarget;
			buildConfigurationList = FAC0A4021D6CE04B00DBC4EC /* Build configuration list for PBXNativeTarget "Clock" */;
			buildPhases = (
				FAC0A3F01D6CE04B00DBC4EC /* Sources */,
				FAC0A3F11D6CE04B00DBC4EC /* Frameworks */,
				FAC0A3F21D6CE04B00DBC4EC /* Resources */,
			);
			buildRules = (
			);
			dependencies = (
			);
			name = Clock;
			productName = Clock;
			productReference = FAC0A3F41D6CE04B00DBC4EC /* Clock.appex */;
			productType = "com.apple.product-type.app-extension";
		};
/* End PBXNativeTarget section */

/* Begin PBXProject section */
		FAC0A3D31D6CE01000DBC4EC /* Project object */ = {
			isa = PBXProject;
			attributes = {
				LastSwiftUpdateCheck = 0730;
				LastUpgradeCheck = 0730;
				ORGANIZATIONNAME = alex;
				TargetAttributes = {
					FAC0A3DA1D6CE01000DBC4EC = {
						CreatedOnToolsVersion = 7.3.1;
						DevelopmentTeam = JDQG5G8BQX;
						LastSwiftMigration = 0800;
						SystemCapabilities = {
							com.apple.ApplicationGroups.iOS = {
								enabled = 1;
							};
						};
					};
					FAC0A3F31D6CE04B00DBC4EC = {
						CreatedOnToolsVersion = 7.3.1;
						DevelopmentTeam = JDQG5G8BQX;
						LastSwiftMigration = 0800;
						SystemCapabilities = {
							com.apple.ApplicationGroups.iOS = {
								enabled = 1;
							};
						};
					};
				};
			};
			buildConfigurationList = FAC0A3D61D6CE01000DBC4EC /* Build configuration list for PBXProject "F-Clock" */;
			compatibilityVersion = "Xcode 3.2";
			developmentRegion = English;
			hasScannedForEncodings = 0;
			knownRegions = (
				en,
				Base,
			);
			mainGroup = FAC0A3D21D6CE01000DBC4EC;
			productRefGroup = FAC0A3DC1D6CE01000DBC4EC /* Products */;
			projectDirPath = "";
			projectRoot = "";
			targets = (
				FAC0A3DA1D6CE01000DBC4EC /* F-Clock */,
				FAC0A3F31D6CE04B00DBC4EC /* Clock */,
			);
		};
/* End PBXProject section */

/* Begin PBXResourcesBuildPhase section */
		FAC0A3D91D6CE01000DBC4EC /* Resources */ = {
			isa = PBXResourcesBuildPhase;
			buildActionMask = 2147483647;
			files = (
				FAC0A3E91D6CE01000DBC4EC /* LaunchScreen.storyboard in Resources */,
				FAC0A3E61D6CE01000DBC4EC /* Assets.xcassets in Resources */,
				FA5D43061FF280B0001F99C3 /* ClockStyleSegment.xib in Resources */,
				FAC0A3E41D6CE01000DBC4EC /* Main.storyboard in Resources */,
			);
			runOnlyForDeploymentPostprocessing = 0;
		};
		FAC0A3F21D6CE04B00DBC4EC /* Resources */ = {
			isa = PBXResourcesBuildPhase;
			buildActionMask = 2147483647;
			files = (
				FAC0A3FD1D6CE04B00DBC4EC /* MainInterface.storyboard in Resources */,
			);
			runOnlyForDeploymentPostprocessing = 0;
		};
/* End PBXResourcesBuildPhase section */

/* Begin PBXSourcesBuildPhase section */
		FAC0A3D71D6CE01000DBC4EC /* Sources */ = {
			isa = PBXSourcesBuildPhase;
			buildActionMask = 2147483647;
			files = (
				FAC0A3E11D6CE01000DBC4EC /* ViewController.swift in Sources */,
				FAEE7FDE1FF2A7D700B61904 /* ClockPreferences.swift in Sources */,
				FAC0A3DF1D6CE01000DBC4EC /* AppDelegate.swift in Sources */,
				FA8344DA1FF254AB00DE3F38 /* ClockStyleSegment.swift in Sources */,
				FA8344D81FF24CA300DE3F38 /* CustomSegmentedControl.swift in Sources */,
			);
			runOnlyForDeploymentPostprocessing = 0;
		};
		FAC0A3F01D6CE04B00DBC4EC /* Sources */ = {
			isa = PBXSourcesBuildPhase;
			buildActionMask = 2147483647;
			files = (
				FAC0A3FA1D6CE04B00DBC4EC /* TodayViewController.swift in Sources */,
				FAF361141D6DC9840078F21C /* Extensions.swift in Sources */,
				FAC0A4071D6CE0AC00DBC4EC /* Tile.swift in Sources */,
				FAEE7FDF1FF2A7DC00B61904 /* ClockPreferences.swift in Sources */,
			);
			runOnlyForDeploymentPostprocessing = 0;
		};
/* End PBXSourcesBuildPhase section */

/* Begin PBXTargetDependency section */
		FAC0A4001D6CE04B00DBC4EC /* PBXTargetDependency */ = {
			isa = PBXTargetDependency;
			target = FAC0A3F31D6CE04B00DBC4EC /* Clock */;
			targetProxy = FAC0A3FF1D6CE04B00DBC4EC /* PBXContainerItemProxy */;
		};
/* End PBXTargetDependency section */

/* Begin PBXVariantGroup section */
		FAC0A3E21D6CE01000DBC4EC /* Main.storyboard */ = {
			isa = PBXVariantGroup;
			children = (
				FAC0A3E31D6CE01000DBC4EC /* Base */,
			);
			name = Main.storyboard;
			sourceTree = "<group>";
		};
		FAC0A3E71D6CE01000DBC4EC /* LaunchScreen.storyboard */ = {
			isa = PBXVariantGroup;
			children = (
				FAC0A3E81D6CE01000DBC4EC /* Base */,
			);
			name = LaunchScreen.storyboard;
			sourceTree = "<group>";
		};
		FAC0A3FB1D6CE04B00DBC4EC /* MainInterface.storyboard */ = {
			isa = PBXVariantGroup;
			children = (
				FAC0A3FC1D6CE04B00DBC4EC /* Base */,
			);
			name = MainInterface.storyboard;
			sourceTree = "<group>";
		};
/* End PBXVariantGroup section */

/* Begin XCBuildConfiguration section */
		FAC0A3EB1D6CE01000DBC4EC /* Debug */ = {
			isa = XCBuildConfiguration;
			buildSettings = {
				ALWAYS_SEARCH_USER_PATHS = NO;
				CLANG_ANALYZER_NONNULL = YES;
				CLANG_CXX_LANGUAGE_STANDARD = "gnu++0x";
				CLANG_CXX_LIBRARY = "libc++";
				CLANG_ENABLE_MODULES = YES;
				CLANG_ENABLE_OBJC_ARC = YES;
				CLANG_WARN_BOOL_CONVERSION = YES;
				CLANG_WARN_CONSTANT_CONVERSION = YES;
				CLANG_WARN_DIRECT_OBJC_ISA_USAGE = YES_ERROR;
				CLANG_WARN_EMPTY_BODY = YES;
				CLANG_WARN_ENUM_CONVERSION = YES;
				CLANG_WARN_INT_CONVERSION = YES;
				CLANG_WARN_OBJC_ROOT_CLASS = YES_ERROR;
				CLANG_WARN_UNREACHABLE_CODE = YES;
				CLANG_WARN__DUPLICATE_METHOD_MATCH = YES;
				"CODE_SIGN_IDENTITY[sdk=iphoneos*]" = "iPhone Developer";
				COPY_PHASE_STRIP = NO;
				DEBUG_INFORMATION_FORMAT = dwarf;
				ENABLE_STRICT_OBJC_MSGSEND = YES;
				ENABLE_TESTABILITY = YES;
				GCC_C_LANGUAGE_STANDARD = gnu99;
				GCC_DYNAMIC_NO_PIC = NO;
				GCC_NO_COMMON_BLOCKS = YES;
				GCC_OPTIMIZATION_LEVEL = 0;
				GCC_PREPROCESSOR_DEFINITIONS = (
					"DEBUG=1",
					"$(inherited)",
				);
				GCC_WARN_64_TO_32_BIT_CONVERSION = YES;
				GCC_WARN_ABOUT_RETURN_TYPE = YES_ERROR;
				GCC_WARN_UNDECLARED_SELECTOR = YES;
				GCC_WARN_UNINITIALIZED_AUTOS = YES_AGGRESSIVE;
				GCC_WARN_UNUSED_FUNCTION = YES;
				GCC_WARN_UNUSED_VARIABLE = YES;
				IPHONEOS_DEPLOYMENT_TARGET = 10.0;
				MTL_ENABLE_DEBUG_INFO = YES;
				ONLY_ACTIVE_ARCH = YES;
				SDKROOT = iphoneos;
				SWIFT_OPTIMIZATION_LEVEL = "-Onone";
			};
			name = Debug;
		};
		FAC0A3EC1D6CE01000DBC4EC /* Release */ = {
			isa = XCBuildConfiguration;
			buildSettings = {
				ALWAYS_SEARCH_USER_PATHS = NO;
				CLANG_ANALYZER_NONNULL = YES;
				CLANG_CXX_LANGUAGE_STANDARD = "gnu++0x";
				CLANG_CXX_LIBRARY = "libc++";
				CLANG_ENABLE_MODULES = YES;
				CLANG_ENABLE_OBJC_ARC = YES;
				CLANG_WARN_BOOL_CONVERSION = YES;
				CLANG_WARN_CONSTANT_CONVERSION = YES;
				CLANG_WARN_DIRECT_OBJC_ISA_USAGE = YES_ERROR;
				CLANG_WARN_EMPTY_BODY = YES;
				CLANG_WARN_ENUM_CONVERSION = YES;
				CLANG_WARN_INT_CONVERSION = YES;
				CLANG_WARN_OBJC_ROOT_CLASS = YES_ERROR;
				CLANG_WARN_UNREACHABLE_CODE = YES;
				CLANG_WARN__DUPLICATE_METHOD_MATCH = YES;
				"CODE_SIGN_IDENTITY[sdk=iphoneos*]" = "iPhone Developer";
				COPY_PHASE_STRIP = NO;
				DEBUG_INFORMATION_FORMAT = "dwarf-with-dsym";
				ENABLE_NS_ASSERTIONS = NO;
				ENABLE_STRICT_OBJC_MSGSEND = YES;
				GCC_C_LANGUAGE_STANDARD = gnu99;
				GCC_NO_COMMON_BLOCKS = YES;
				GCC_WARN_64_TO_32_BIT_CONVERSION = YES;
				GCC_WARN_ABOUT_RETURN_TYPE = YES_ERROR;
				GCC_WARN_UNDECLARED_SELECTOR = YES;
				GCC_WARN_UNINITIALIZED_AUTOS = YES_AGGRESSIVE;
				GCC_WARN_UNUSED_FUNCTION = YES;
				GCC_WARN_UNUSED_VARIABLE = YES;
				IPHONEOS_DEPLOYMENT_TARGET = 10.0;
				MTL_ENABLE_DEBUG_INFO = NO;
				SDKROOT = iphoneos;
				VALIDATE_PRODUCT = YES;
			};
			name = Release;
		};
		FAC0A3EE1D6CE01000DBC4EC /* Debug */ = {
			isa = XCBuildConfiguration;
			buildSettings = {
				ASSETCATALOG_COMPILER_APPICON_NAME = AppIcon;
				CODE_SIGN_ENTITLEMENTS = "F-Clock.entitlements";
				CODE_SIGN_IDENTITY = "iPhone Developer";
				"CODE_SIGN_IDENTITY[sdk=iphoneos*]" = "iPhone Developer";
				DEVELOPMENT_TEAM = JDQG5G8BQX;
				EMBEDDED_CONTENT_CONTAINS_SWIFT = YES;
				INFOPLIST_FILE = "Fibonacci Clock/Info.plist";
				IPHONEOS_DEPLOYMENT_TARGET = 10.0;
				LD_RUNPATH_SEARCH_PATHS = "$(inherited) @executable_path/Frameworks";
				PRODUCT_BUNDLE_IDENTIFIER = "com.alex.Fibonacci-Clock1";
				PRODUCT_NAME = "F-Clock";
				PROVISIONING_PROFILE = "";
				SWIFT_VERSION = 3.0;
			};
			name = Debug;
		};
		FAC0A3EF1D6CE01000DBC4EC /* Release */ = {
			isa = XCBuildConfiguration;
			buildSettings = {
				ASSETCATALOG_COMPILER_APPICON_NAME = AppIcon;
				CODE_SIGN_ENTITLEMENTS = "F-Clock.entitlements";
				CODE_SIGN_IDENTITY = "iPhone Developer";
				"CODE_SIGN_IDENTITY[sdk=iphoneos*]" = "iPhone Developer";
				DEVELOPMENT_TEAM = JDQG5G8BQX;
				EMBEDDED_CONTENT_CONTAINS_SWIFT = YES;
				INFOPLIST_FILE = "Fibonacci Clock/Info.plist";
				IPHONEOS_DEPLOYMENT_TARGET = 10.0;
				LD_RUNPATH_SEARCH_PATHS = "$(inherited) @executable_path/Frameworks";
				PRODUCT_BUNDLE_IDENTIFIER = "com.alex.Fibonacci-Clock1";
				PRODUCT_NAME = "F-Clock";
				PROVISIONING_PROFILE = "";
				SWIFT_VERSION = 3.0;
			};
			name = Release;
		};
		FAC0A4031D6CE04B00DBC4EC /* Debug */ = {
			isa = XCBuildConfiguration;
			buildSettings = {
				CODE_SIGN_ENTITLEMENTS = Clock/Clock.entitlements;
				CODE_SIGN_IDENTITY = "iPhone Developer";
				"CODE_SIGN_IDENTITY[sdk=iphoneos*]" = "iPhone Developer";
				DEVELOPMENT_TEAM = JDQG5G8BQX;
				INFOPLIST_FILE = Clock/Info.plist;
				IPHONEOS_DEPLOYMENT_TARGET = 10.0;
				LD_RUNPATH_SEARCH_PATHS = "$(inherited) @executable_path/Frameworks @executable_path/../../Frameworks";
				PRODUCT_BUNDLE_IDENTIFIER = "com.alex.Fibonacci-Clock1.Clock1";
				PRODUCT_NAME = "$(TARGET_NAME)";
				PROVISIONING_PROFILE = "";
				SKIP_INSTALL = YES;
				SWIFT_VERSION = 3.0;
				TARGETED_DEVICE_FAMILY = "1,2";
			};
			name = Debug;
		};
		FAC0A4041D6CE04B00DBC4EC /* Release */ = {
			isa = XCBuildConfiguration;
			buildSettings = {
				CODE_SIGN_ENTITLEMENTS = Clock/Clock.entitlements;
				CODE_SIGN_IDENTITY = "iPhone Developer";
				"CODE_SIGN_IDENTITY[sdk=iphoneos*]" = "iPhone Developer";
				DEVELOPMENT_TEAM = JDQG5G8BQX;
				INFOPLIST_FILE = Clock/Info.plist;
				IPHONEOS_DEPLOYMENT_TARGET = 10.0;
				LD_RUNPATH_SEARCH_PATHS = "$(inherited) @executable_path/Frameworks @executable_path/../../Frameworks";
				PRODUCT_BUNDLE_IDENTIFIER = "com.alex.Fibonacci-Clock1.Clock1";
				PRODUCT_NAME = "$(TARGET_NAME)";
				PROVISIONING_PROFILE = "";
				SKIP_INSTALL = YES;
				SWIFT_VERSION = 3.0;
				TARGETED_DEVICE_FAMILY = "1,2";
			};
			name = Release;
		};
/* End XCBuildConfiguration section */

/* Begin XCConfigurationList section */
		FAC0A3D61D6CE01000DBC4EC /* Build configuration list for PBXProject "F-Clock" */ = {
			isa = XCConfigurationList;
			buildConfigurations = (
				FAC0A3EB1D6CE01000DBC4EC /* Debug */,
				FAC0A3EC1D6CE01000DBC4EC /* Release */,
			);
			defaultConfigurationIsVisible = 0;
			defaultConfigurationName = Release;
		};
		FAC0A3ED1D6CE01000DBC4EC /* Build configuration list for PBXNativeTarget "F-Clock" */ = {
			isa = XCConfigurationList;
			buildConfigurations = (
				FAC0A3EE1D6CE01000DBC4EC /* Debug */,
				FAC0A3EF1D6CE01000DBC4EC /* Release */,
			);
			defaultConfigurationIsVisible = 0;
			defaultConfigurationName = Release;
		};
		FAC0A4021D6CE04B00DBC4EC /* Build configuration list for PBXNativeTarget "Clock" */ = {
			isa = XCConfigurationList;
			buildConfigurations = (
				FAC0A4031D6CE04B00DBC4EC /* Debug */,
				FAC0A4041D6CE04B00DBC4EC /* Release */,
			);
			defaultConfigurationIsVisible = 0;
			defaultConfigurationName = Release;
		};
/* End XCConfigurationList section */
	};
	rootObject = FAC0A3D31D6CE01000DBC4EC /* Project object */;
}
